
Microsoft Visual Studio Solution File, Format Version 12.00
# Visual Studio Version 17
VisualStudioVersion = 17.1.32328.378
MinimumVisualStudioVersion = 10.0.40219.1
Project("{FAE04EC0-301F-11D3-BF4B-00C04F79EFBC}") = "Vidian", "Vidian.csproj", "{DACA7C1D-3CFA-4EC0-815B-9B7505974D63}"
EndProject
Global
	GlobalSection(SolutionConfigurationPlatforms) = preSolution
		Debug|Any CPU = Debug|Any CPU
		Release|Any CPU = Release|Any CPU
	EndGlobalSection
	GlobalSection(ProjectConfigurationPlatforms) = postSolution
		{DACA7C1D-3CFA-4EC0-815B-9B7505974D63}.Debug|Any CPU.ActiveCfg = Debug|Any CPU
		{DACA7C1D-3CFA-4EC0-815B-9B7505974D63}.Debug|Any CPU.Build.0 = Debug|Any CPU
		{DACA7C1D-3CFA-4EC0-815B-9B7505974D63}.Release|Any CPU.ActiveCfg = Release|Any CPU
		{DACA7C1D-3CFA-4EC0-815B-9B7505974D63}.Release|Any CPU.Build.0 = Release|Any CPU
	EndGlobalSection
	GlobalSection(SolutionProperties) = preSolution
		HideSolutionNode = FALSE
	EndGlobalSection
	GlobalSection(ExtensibilityGlobals) = postSolution
		SolutionGuid = {BCB3010E-FB2B-41B7-94DD-56F96A428C6E}
	EndGlobalSection
EndGlobal
